{
  "object": {
    "pins": [
      {
        "package": "CCurl",
        "repositoryURL": "https://github.com/IBM-Swift/CCurl.git",
        "state": {
          "branch": null,
          "revision": "f481bd86e58787824cc1c1ec1786e03b67831f38",
          "version": "0.4.1"
        }
      },
      {
        "package": "CloudEnvironment",
        "repositoryURL": "https://github.com/IBM-Swift/CloudEnvironment.git",
        "state": {
          "branch": null,
          "revision": "1100268ee17670fd320b0d9463a66e13ca24755f",
          "version": "4.0.5"
        }
      },
      {
        "package": "CloudFoundryEnv",
        "repositoryURL": "https://github.com/IBM-Swift/Swift-cfenv.git",
        "state": {
          "branch": null,
          "revision": "6ded559c54871fd7a94a0c7fabe51e096bb1e392",
          "version": "4.1.0"
        }
      },
      {
        "package": "CommonCrypto",
        "repositoryURL": "https://github.com/IBM-Swift/CommonCrypto.git",
        "state": {
          "branch": null,
          "revision": "9156d238dbc4c15455b77b45e721b2bb0b995e31",
          "version": "0.1.5"
        }
      },
      {
        "package": "Configuration",
        "repositoryURL": "https://github.com/IBM-Swift/Configuration.git",
        "state": {
          "branch": null,
          "revision": "9973bcc64f41c81c9716bf1306079be61f29c998",
          "version": "1.0.4"
        }
      },
      {
        "package": "Cryptor",
        "repositoryURL": "https://github.com/IBM-Swift/BlueCryptor.git",
        "state": {
          "branch": null,
          "revision": "8343677ebcce67930404c8863bdecd0030126dfe",
          "version": "0.8.18"
        }
      },
      {
        "package": "Health",
        "repositoryURL": "https://github.com/IBM-Swift/Health.git",
        "state": {
          "branch": null,
          "revision": "44e4dd4f41fc11fa8ed23ea991935462fcee06f7",
          "version": "0.0.1"
        }
      },
      {
        "package": "HeliumLogger",
        "repositoryURL": "https://github.com/IBM-Swift/HeliumLogger.git",
        "state": {
          "branch": null,
          "revision": "2afeb4c02f5a48a7fbd081fe8607b91eeebd7ecb",
          "version": "1.7.1"
        }
      },
      {
        "package": "Kitura",
        "repositoryURL": "https://github.com/IBM-Swift/Kitura.git",
        "state": {
          "branch": "issue.swift4",
          "revision": "e59eb55bfe64912222a3301f90cd8ee368910442",
          "version": null
        }
      },
      {
        "package": "Kitura-TemplateEngine",
        "repositoryURL": "https://github.com/IBM-Swift/Kitura-TemplateEngine.git",
        "state": {
          "branch": null,
          "revision": "8e75a213bf4dd7b5effd03848335e344535969aa",
          "version": "1.7.2"
        }
      },
      {
        "package": "Kitura-WebSocket",
        "repositoryURL": "https://github.com/IBM-Swift/Kitura-WebSocket.git",
        "state": {
          "branch": null,
          "revision": "312fd9a6f126be1befd8373a263669491b373188",
          "version": "0.9.1"
        }
      },
      {
        "package": "Kitura-net",
        "repositoryURL": "https://github.com/IBM-Swift/Kitura-net.git",
        "state": {
          "branch": null,
          "revision": "e04ee59e93b72ffb19c730d80dac4e15d060a5da",
          "version": "1.7.18"
        }
      },
      {
        "package": "KituraCORS",
        "repositoryURL": "https://github.com/IBM-Swift/Kitura-CORS",
        "state": {
          "branch": null,
          "revision": "4f07b281ce3672ea77f8bee252b74cad108459df",
          "version": "1.7.0"
        }
      },
      {
        "package": "KituraContracts",
        "repositoryURL": "https://github.com/IBM-Swift/KituraContracts.git",
        "state": {
          "branch": "master",
          "revision": "0877fda2de0c4c53099471e354c3e365d86dad6f",
          "version": null
        }
      },
      {
        "package": "KituraRequest",
        "repositoryURL": "https://github.com/IBM-Swift/Kitura-Request.git",
        "state": {
          "branch": null,
          "revision": "0330cb176e02c7690b4e6445e560647513305ac9",
          "version": "0.8.2"
        }
      },
      {
        "package": "LoggerAPI",
        "repositoryURL": "https://github.com/IBM-Swift/LoggerAPI.git",
        "state": {
          "branch": null,
          "revision": "6b62fe66da9b8794d6581e5c341710eea3173cd4",
          "version": "1.7.1"
        }
      },
      {
        "package": "SSLService",
        "repositoryURL": "https://github.com/IBM-Swift/BlueSSLService.git",
        "state": {
          "branch": null,
          "revision": "40e5da2ce74a50faeebd45e2dcf83972b6718623",
          "version": "0.12.62"
        }
      },
      {
        "package": "Socket",
        "repositoryURL": "https://github.com/IBM-Swift/BlueSocket.git",
        "state": {
          "branch": null,
          "revision": "badbf15cb8ea1ca6df5458f1472d84f1e070f7a7",
          "version": "0.12.74"
        }
      },
      {
        "package": "SwiftMetrics",
        "repositoryURL": "https://github.com/RuntimeTools/SwiftMetrics.git",
        "state": {
          "branch": "swift4",
          "revision": "e124cff8ab2e2ecdc90ea626d59cf3f723a95f1f",
          "version": null
        }
      },
      {
        "package": "SwiftyJSON",
        "repositoryURL": "https://github.com/IBM-Swift/SwiftyJSON.git",
        "state": {
          "branch": null,
          "revision": "1190845cf7d25a5c8ea7653fe03dcdd39a082056",
          "version": "17.0.0"
        }
      },
      {
        "package": "omr-agentcore",
        "repositoryURL": "https://github.com/RuntimeTools/omr-agentcore",
        "state": {
          "branch": null,
          "revision": "5a2361ba1f005596a2bfa28de76ed4acf1e71c33",
          "version": "3.2.4-swift4"
        }
      }
    ]
  },
  "version": 1
}
