// !$*UTF8*$!
{
	archiveVersion = 1;
	classes = {
	};
	objectVersion = 48;
	objects = {

/* Begin PBXBuildFile section */
		6713B5BA1F8D00F900FE457C /* LoggerAPI.h in Headers */ = {isa = PBXBuildFile; fileRef = 6713B5B81F8D00F900FE457C /* LoggerAPI.h */; settings = {ATTRIBUTES = (Public, ); }; };
		6713B5BD1F8D00F900FE457C /* LoggerAPI.framework in Frameworks */ = {isa = PBXBuildFile; fileRef = 6713B5B61F8D00F900FE457C /* LoggerAPI.framework */; };
		6713B5BE1F8D00F900FE457C /* LoggerAPI.framework in Embed Frameworks */ = {isa = PBXBuildFile; fileRef = 6713B5B61F8D00F900FE457C /* LoggerAPI.framework */; settings = {ATTRIBUTES = (CodeSignOnCopy, RemoveHeadersOnCopy, ); }; };
		6713B5C41F8D010100FE457C /* Logger.swift in Sources */ = {isa = PBXBuildFile; fileRef = 6713B5C31F8D010100FE457C /* Logger.swift */; };
		6713B5D71F8D014000FE457C /* SwiftyRequest.h in Headers */ = {isa = PBXBuildFile; fileRef = 6713B5D51F8D014000FE457C /* SwiftyRequest.h */; settings = {ATTRIBUTES = (Public, ); }; };
		6713B5DA1F8D014000FE457C /* SwiftyRequest.framework in Frameworks */ = {isa = PBXBuildFile; fileRef = 6713B5D31F8D014000FE457C /* SwiftyRequest.framework */; };
		6713B5DB1F8D014000FE457C /* SwiftyRequest.framework in Embed Frameworks */ = {isa = PBXBuildFile; fileRef = 6713B5D31F8D014000FE457C /* SwiftyRequest.framework */; settings = {ATTRIBUTES = (CodeSignOnCopy, RemoveHeadersOnCopy, ); }; };
		6713B5E71F8D014800FE457C /* MultipartFormData.swift in Sources */ = {isa = PBXBuildFile; fileRef = 6713B5E01F8D014800FE457C /* MultipartFormData.swift */; };
		6713B5E81F8D014800FE457C /* RestRequest.swift in Sources */ = {isa = PBXBuildFile; fileRef = 6713B5E11F8D014800FE457C /* RestRequest.swift */; };
		6713B5E91F8D014800FE457C /* RestToken.swift in Sources */ = {isa = PBXBuildFile; fileRef = 6713B5E21F8D014800FE457C /* RestToken.swift */; };
		6713B5EA1F8D014800FE457C /* RestUtilities.swift in Sources */ = {isa = PBXBuildFile; fileRef = 6713B5E31F8D014800FE457C /* RestUtilities.swift */; };
		6713B5EB1F8D014800FE457C /* StringExtensions.swift in Sources */ = {isa = PBXBuildFile; fileRef = 6713B5E41F8D014800FE457C /* StringExtensions.swift */; };
		6713B5EC1F8D014800FE457C /* JSON.swift in Sources */ = {isa = PBXBuildFile; fileRef = 6713B5E51F8D014800FE457C /* JSON.swift */; };
		6713B5ED1F8D014800FE457C /* HTTPMethod.swift in Sources */ = {isa = PBXBuildFile; fileRef = 6713B5E61F8D014800FE457C /* HTTPMethod.swift */; };
		6713B5FC1F8D016A00FE457C /* CircuitBreaker.h in Headers */ = {isa = PBXBuildFile; fileRef = 6713B5FA1F8D016A00FE457C /* CircuitBreaker.h */; settings = {ATTRIBUTES = (Public, ); }; };
		6713B5FF1F8D016A00FE457C /* CircuitBreaker.framework in Frameworks */ = {isa = PBXBuildFile; fileRef = 6713B5F81F8D016A00FE457C /* CircuitBreaker.framework */; };
		6713B6001F8D016A00FE457C /* CircuitBreaker.framework in Embed Frameworks */ = {isa = PBXBuildFile; fileRef = 6713B5F81F8D016A00FE457C /* CircuitBreaker.framework */; settings = {ATTRIBUTES = (CodeSignOnCopy, RemoveHeadersOnCopy, ); }; };
		6713B6081F8D017200FE457C /* CircuitBreaker.swift in Sources */ = {isa = PBXBuildFile; fileRef = 6713B6051F8D017200FE457C /* CircuitBreaker.swift */; };
		6713B6091F8D017200FE457C /* Stats.swift in Sources */ = {isa = PBXBuildFile; fileRef = 6713B6061F8D017200FE457C /* Stats.swift */; };
		6713B60A1F8D017200FE457C /* Utils.swift in Sources */ = {isa = PBXBuildFile; fileRef = 6713B6071F8D017200FE457C /* Utils.swift */; };
		6713B60B1F8D017800FE457C /* CircuitBreaker.framework in Frameworks */ = {isa = PBXBuildFile; fileRef = 6713B5F81F8D016A00FE457C /* CircuitBreaker.framework */; };
		6713B60C1F8D018700FE457C /* LoggerAPI.framework in Frameworks */ = {isa = PBXBuildFile; fileRef = 6713B5B61F8D00F900FE457C /* LoggerAPI.framework */; };
		671676C51F838AFE007DAA76 /* AppDelegate.swift in Sources */ = {isa = PBXBuildFile; fileRef = 671676C41F838AFE007DAA76 /* AppDelegate.swift */; };
		671676CA1F838AFE007DAA76 /* Main.storyboard in Resources */ = {isa = PBXBuildFile; fileRef = 671676C81F838AFE007DAA76 /* Main.storyboard */; };
		671676CC1F838AFE007DAA76 /* Assets.xcassets in Resources */ = {isa = PBXBuildFile; fileRef = 671676CB1F838AFE007DAA76 /* Assets.xcassets */; };
		671676CF1F838AFE007DAA76 /* LaunchScreen.storyboard in Resources */ = {isa = PBXBuildFile; fileRef = 671676CD1F838AFE007DAA76 /* LaunchScreen.storyboard */; };
		671676DA1F838AFE007DAA76 /* iOS_Sample_Kitura_BuddyTests.swift in Sources */ = {isa = PBXBuildFile; fileRef = 671676D91F838AFE007DAA76 /* iOS_Sample_Kitura_BuddyTests.swift */; };
		671676E51F838AFE007DAA76 /* iOS_Sample_Kitura_BuddyUITests.swift in Sources */ = {isa = PBXBuildFile; fileRef = 671676E41F838AFE007DAA76 /* iOS_Sample_Kitura_BuddyUITests.swift */; };
		6716770E1F839CE0007DAA76 /* Model.swift in Sources */ = {isa = PBXBuildFile; fileRef = 6716770D1F839CE0007DAA76 /* Model.swift */; };
		67409FFE1F90FF8C00E79C9E /* SafetyContracts.h in Headers */ = {isa = PBXBuildFile; fileRef = 67409FFC1F90FF8C00E79C9E /* SafetyContracts.h */; settings = {ATTRIBUTES = (Public, ); }; };
		6740A0011F90FF8C00E79C9E /* SafetyContracts.framework in Frameworks */ = {isa = PBXBuildFile; fileRef = 67409FFA1F90FF8C00E79C9E /* SafetyContracts.framework */; };
		6740A0021F90FF8C00E79C9E /* SafetyContracts.framework in Embed Frameworks */ = {isa = PBXBuildFile; fileRef = 67409FFA1F90FF8C00E79C9E /* SafetyContracts.framework */; settings = {ATTRIBUTES = (CodeSignOnCopy, RemoveHeadersOnCopy, ); }; };
		6740A0081F90FF9400E79C9E /* Contracts.swift in Sources */ = {isa = PBXBuildFile; fileRef = 6740A0071F90FF9400E79C9E /* Contracts.swift */; };
		6740A3031F911B1900E79C9E /* Utils.swift in Sources */ = {isa = PBXBuildFile; fileRef = 6740A3021F911B1900E79C9E /* Utils.swift */; };
		6740A30D1F911B4700E79C9E /* KituraBuddy.h in Headers */ = {isa = PBXBuildFile; fileRef = 6740A30B1F911B4700E79C9E /* KituraBuddy.h */; settings = {ATTRIBUTES = (Public, ); }; };
		6740A3101F911B4700E79C9E /* KituraBuddy.framework in Frameworks */ = {isa = PBXBuildFile; fileRef = 6740A3091F911B4700E79C9E /* KituraBuddy.framework */; };
		6740A3111F911B4700E79C9E /* KituraBuddy.framework in Embed Frameworks */ = {isa = PBXBuildFile; fileRef = 6740A3091F911B4700E79C9E /* KituraBuddy.framework */; settings = {ATTRIBUTES = (CodeSignOnCopy, RemoveHeadersOnCopy, ); }; };
		6740A3191F911B4E00E79C9E /* PersistableExtension.swift in Sources */ = {isa = PBXBuildFile; fileRef = 6740A3161F911B4E00E79C9E /* PersistableExtension.swift */; };
		6740A31A1F911B4E00E79C9E /* Client.swift in Sources */ = {isa = PBXBuildFile; fileRef = 6740A3171F911B4E00E79C9E /* Client.swift */; };
		6740A31B1F911B4E00E79C9E /* Utils.swift in Sources */ = {isa = PBXBuildFile; fileRef = 6740A3181F911B4E00E79C9E /* Utils.swift */; };
		67C4FC331F83D6ED00667A9A /* ViewController.swift in Sources */ = {isa = PBXBuildFile; fileRef = 671676C61F838AFE007DAA76 /* ViewController.swift */; };
/* End PBXBuildFile section */

/* Begin PBXContainerItemProxy section */
		6713B5BB1F8D00F900FE457C /* PBXContainerItemProxy */ = {
			isa = PBXContainerItemProxy;
			containerPortal = 671676B91F838AFE007DAA76 /* Project object */;
			proxyType = 1;
			remoteGlobalIDString = 6713B5B51F8D00F900FE457C;
			remoteInfo = LoggerAPI;
		};
		6713B5D81F8D014000FE457C /* PBXContainerItemProxy */ = {
			isa = PBXContainerItemProxy;
			containerPortal = 671676B91F838AFE007DAA76 /* Project object */;
			proxyType = 1;
			remoteGlobalIDString = 6713B5D21F8D014000FE457C;
			remoteInfo = SwiftyRequest;
		};
		6713B5FD1F8D016A00FE457C /* PBXContainerItemProxy */ = {
			isa = PBXContainerItemProxy;
			containerPortal = 671676B91F838AFE007DAA76 /* Project object */;
			proxyType = 1;
			remoteGlobalIDString = 6713B5F71F8D016A00FE457C;
			remoteInfo = CircuitBreaker;
		};
		671676D61F838AFE007DAA76 /* PBXContainerItemProxy */ = {
			isa = PBXContainerItemProxy;
			containerPortal = 671676B91F838AFE007DAA76 /* Project object */;
			proxyType = 1;
			remoteGlobalIDString = 671676C01F838AFE007DAA76;
			remoteInfo = "iOS Sample Kitura Buddy";
		};
		671676E11F838AFE007DAA76 /* PBXContainerItemProxy */ = {
			isa = PBXContainerItemProxy;
			containerPortal = 671676B91F838AFE007DAA76 /* Project object */;
			proxyType = 1;
			remoteGlobalIDString = 671676C01F838AFE007DAA76;
			remoteInfo = "iOS Sample Kitura Buddy";
		};
		67409FFF1F90FF8C00E79C9E /* PBXContainerItemProxy */ = {
			isa = PBXContainerItemProxy;
			containerPortal = 671676B91F838AFE007DAA76 /* Project object */;
			proxyType = 1;
			remoteGlobalIDString = 67409FF91F90FF8C00E79C9E;
			remoteInfo = SafetyContracts;
		};
		6740A30E1F911B4700E79C9E /* PBXContainerItemProxy */ = {
			isa = PBXContainerItemProxy;
			containerPortal = 671676B91F838AFE007DAA76 /* Project object */;
			proxyType = 1;
			remoteGlobalIDString = 6740A3081F911B4700E79C9E;
			remoteInfo = KituraBuddy;
		};
/* End PBXContainerItemProxy section */

/* Begin PBXCopyFilesBuildPhase section */
		6713B2291F8CE90D00FE457C /* Embed Frameworks */ = {
			isa = PBXCopyFilesBuildPhase;
			buildActionMask = 2147483647;
			dstPath = "";
			dstSubfolderSpec = 10;
			files = (
				6740A3111F911B4700E79C9E /* KituraBuddy.framework in Embed Frameworks */,
				6713B5BE1F8D00F900FE457C /* LoggerAPI.framework in Embed Frameworks */,
				6713B5DB1F8D014000FE457C /* SwiftyRequest.framework in Embed Frameworks */,
				6740A0021F90FF8C00E79C9E /* SafetyContracts.framework in Embed Frameworks */,
				6713B6001F8D016A00FE457C /* CircuitBreaker.framework in Embed Frameworks */,
			);
			name = "Embed Frameworks";
			runOnlyForDeploymentPostprocessing = 0;
		};
/* End PBXCopyFilesBuildPhase section */

/* Begin PBXFileReference section */
		6713B5B01F8D00EE00FE457C /* Logger.swift */ = {isa = PBXFileReference; lastKnownFileType = sourcecode.swift; path = Logger.swift; sourceTree = "<group>"; };
		6713B5B61F8D00F900FE457C /* LoggerAPI.framework */ = {isa = PBXFileReference; explicitFileType = wrapper.framework; includeInIndex = 0; path = LoggerAPI.framework; sourceTree = BUILT_PRODUCTS_DIR; };
		6713B5B81F8D00F900FE457C /* LoggerAPI.h */ = {isa = PBXFileReference; lastKnownFileType = sourcecode.c.h; path = LoggerAPI.h; sourceTree = "<group>"; };
		6713B5B91F8D00F900FE457C /* Info.plist */ = {isa = PBXFileReference; lastKnownFileType = text.plist.xml; path = Info.plist; sourceTree = "<group>"; };
		6713B5C31F8D010100FE457C /* Logger.swift */ = {isa = PBXFileReference; fileEncoding = 4; lastKnownFileType = sourcecode.swift; path = Logger.swift; sourceTree = "<group>"; };
		6713B5C71F8D012000FE457C /* MultipartFormData.swift */ = {isa = PBXFileReference; lastKnownFileType = sourcecode.swift; path = MultipartFormData.swift; sourceTree = "<group>"; };
		6713B5C81F8D012000FE457C /* RestRequest.swift */ = {isa = PBXFileReference; lastKnownFileType = sourcecode.swift; path = RestRequest.swift; sourceTree = "<group>"; };
		6713B5C91F8D012000FE457C /* RestToken.swift */ = {isa = PBXFileReference; lastKnownFileType = sourcecode.swift; path = RestToken.swift; sourceTree = "<group>"; };
		6713B5CA1F8D012000FE457C /* RestUtilities.swift */ = {isa = PBXFileReference; lastKnownFileType = sourcecode.swift; path = RestUtilities.swift; sourceTree = "<group>"; };
		6713B5CB1F8D012000FE457C /* StringExtensions.swift */ = {isa = PBXFileReference; lastKnownFileType = sourcecode.swift; path = StringExtensions.swift; sourceTree = "<group>"; };
		6713B5CC1F8D012000FE457C /* JSON.swift */ = {isa = PBXFileReference; lastKnownFileType = sourcecode.swift; path = JSON.swift; sourceTree = "<group>"; };
		6713B5CD1F8D012000FE457C /* HTTPMethod.swift */ = {isa = PBXFileReference; lastKnownFileType = sourcecode.swift; path = HTTPMethod.swift; sourceTree = "<group>"; };
		6713B5D31F8D014000FE457C /* SwiftyRequest.framework */ = {isa = PBXFileReference; explicitFileType = wrapper.framework; includeInIndex = 0; path = SwiftyRequest.framework; sourceTree = BUILT_PRODUCTS_DIR; };
		6713B5D51F8D014000FE457C /* SwiftyRequest.h */ = {isa = PBXFileReference; lastKnownFileType = sourcecode.c.h; path = SwiftyRequest.h; sourceTree = "<group>"; };
		6713B5D61F8D014000FE457C /* Info.plist */ = {isa = PBXFileReference; lastKnownFileType = text.plist.xml; path = Info.plist; sourceTree = "<group>"; };
		6713B5E01F8D014800FE457C /* MultipartFormData.swift */ = {isa = PBXFileReference; fileEncoding = 4; lastKnownFileType = sourcecode.swift; path = MultipartFormData.swift; sourceTree = "<group>"; };
		6713B5E11F8D014800FE457C /* RestRequest.swift */ = {isa = PBXFileReference; fileEncoding = 4; lastKnownFileType = sourcecode.swift; path = RestRequest.swift; sourceTree = "<group>"; };
		6713B5E21F8D014800FE457C /* RestToken.swift */ = {isa = PBXFileReference; fileEncoding = 4; lastKnownFileType = sourcecode.swift; path = RestToken.swift; sourceTree = "<group>"; };
		6713B5E31F8D014800FE457C /* RestUtilities.swift */ = {isa = PBXFileReference; fileEncoding = 4; lastKnownFileType = sourcecode.swift; path = RestUtilities.swift; sourceTree = "<group>"; };
		6713B5E41F8D014800FE457C /* StringExtensions.swift */ = {isa = PBXFileReference; fileEncoding = 4; lastKnownFileType = sourcecode.swift; path = StringExtensions.swift; sourceTree = "<group>"; };
		6713B5E51F8D014800FE457C /* JSON.swift */ = {isa = PBXFileReference; fileEncoding = 4; lastKnownFileType = sourcecode.swift; path = JSON.swift; sourceTree = "<group>"; };
		6713B5E61F8D014800FE457C /* HTTPMethod.swift */ = {isa = PBXFileReference; fileEncoding = 4; lastKnownFileType = sourcecode.swift; path = HTTPMethod.swift; sourceTree = "<group>"; };
		6713B5F01F8D015F00FE457C /* CircuitBreaker.swift */ = {isa = PBXFileReference; lastKnownFileType = sourcecode.swift; path = CircuitBreaker.swift; sourceTree = "<group>"; };
		6713B5F11F8D015F00FE457C /* Stats.swift */ = {isa = PBXFileReference; lastKnownFileType = sourcecode.swift; path = Stats.swift; sourceTree = "<group>"; };
		6713B5F21F8D015F00FE457C /* Utils.swift */ = {isa = PBXFileReference; lastKnownFileType = sourcecode.swift; path = Utils.swift; sourceTree = "<group>"; };
		6713B5F81F8D016A00FE457C /* CircuitBreaker.framework */ = {isa = PBXFileReference; explicitFileType = wrapper.framework; includeInIndex = 0; path = CircuitBreaker.framework; sourceTree = BUILT_PRODUCTS_DIR; };
		6713B5FA1F8D016A00FE457C /* CircuitBreaker.h */ = {isa = PBXFileReference; lastKnownFileType = sourcecode.c.h; path = CircuitBreaker.h; sourceTree = "<group>"; };
		6713B5FB1F8D016A00FE457C /* Info.plist */ = {isa = PBXFileReference; lastKnownFileType = text.plist.xml; path = Info.plist; sourceTree = "<group>"; };
		6713B6051F8D017200FE457C /* CircuitBreaker.swift */ = {isa = PBXFileReference; fileEncoding = 4; lastKnownFileType = sourcecode.swift; path = CircuitBreaker.swift; sourceTree = "<group>"; };
		6713B6061F8D017200FE457C /* Stats.swift */ = {isa = PBXFileReference; fileEncoding = 4; lastKnownFileType = sourcecode.swift; path = Stats.swift; sourceTree = "<group>"; };
		6713B6071F8D017200FE457C /* Utils.swift */ = {isa = PBXFileReference; fileEncoding = 4; lastKnownFileType = sourcecode.swift; path = Utils.swift; sourceTree = "<group>"; };
		671676C11F838AFE007DAA76 /* iOS Sample Kitura Buddy.app */ = {isa = PBXFileReference; explicitFileType = wrapper.application; includeInIndex = 0; path = "iOS Sample Kitura Buddy.app"; sourceTree = BUILT_PRODUCTS_DIR; };
		671676C41F838AFE007DAA76 /* AppDelegate.swift */ = {isa = PBXFileReference; lastKnownFileType = sourcecode.swift; path = AppDelegate.swift; sourceTree = "<group>"; };
		671676C61F838AFE007DAA76 /* ViewController.swift */ = {isa = PBXFileReference; lastKnownFileType = sourcecode.swift; path = ViewController.swift; sourceTree = "<group>"; };
		671676C91F838AFE007DAA76 /* Base */ = {isa = PBXFileReference; lastKnownFileType = file.storyboard; name = Base; path = Base.lproj/Main.storyboard; sourceTree = "<group>"; };
		671676CB1F838AFE007DAA76 /* Assets.xcassets */ = {isa = PBXFileReference; lastKnownFileType = folder.assetcatalog; path = Assets.xcassets; sourceTree = "<group>"; };
		671676CE1F838AFE007DAA76 /* Base */ = {isa = PBXFileReference; lastKnownFileType = file.storyboard; name = Base; path = Base.lproj/LaunchScreen.storyboard; sourceTree = "<group>"; };
		671676D01F838AFE007DAA76 /* Info.plist */ = {isa = PBXFileReference; lastKnownFileType = text.plist.xml; path = Info.plist; sourceTree = "<group>"; };
		671676D51F838AFE007DAA76 /* iOS Sample Kitura BuddyTests.xctest */ = {isa = PBXFileReference; explicitFileType = wrapper.cfbundle; includeInIndex = 0; path = "iOS Sample Kitura BuddyTests.xctest"; sourceTree = BUILT_PRODUCTS_DIR; };
		671676D91F838AFE007DAA76 /* iOS_Sample_Kitura_BuddyTests.swift */ = {isa = PBXFileReference; lastKnownFileType = sourcecode.swift; path = iOS_Sample_Kitura_BuddyTests.swift; sourceTree = "<group>"; };
		671676DB1F838AFE007DAA76 /* Info.plist */ = {isa = PBXFileReference; lastKnownFileType = text.plist.xml; path = Info.plist; sourceTree = "<group>"; };
		671676E01F838AFE007DAA76 /* iOS Sample Kitura BuddyUITests.xctest */ = {isa = PBXFileReference; explicitFileType = wrapper.cfbundle; includeInIndex = 0; path = "iOS Sample Kitura BuddyUITests.xctest"; sourceTree = BUILT_PRODUCTS_DIR; };
		671676E41F838AFE007DAA76 /* iOS_Sample_Kitura_BuddyUITests.swift */ = {isa = PBXFileReference; lastKnownFileType = sourcecode.swift; path = iOS_Sample_Kitura_BuddyUITests.swift; sourceTree = "<group>"; };
		671676E61F838AFE007DAA76 /* Info.plist */ = {isa = PBXFileReference; lastKnownFileType = text.plist.xml; path = Info.plist; sourceTree = "<group>"; };
		6716770D1F839CE0007DAA76 /* Model.swift */ = {isa = PBXFileReference; lastKnownFileType = sourcecode.swift; path = Model.swift; sourceTree = "<group>"; };
		67409FF41F90FF8200E79C9E /* Contracts.swift */ = {isa = PBXFileReference; lastKnownFileType = sourcecode.swift; path = Contracts.swift; sourceTree = "<group>"; };
		67409FFA1F90FF8C00E79C9E /* SafetyContracts.framework */ = {isa = PBXFileReference; explicitFileType = wrapper.framework; includeInIndex = 0; path = SafetyContracts.framework; sourceTree = BUILT_PRODUCTS_DIR; };
		67409FFC1F90FF8C00E79C9E /* SafetyContracts.h */ = {isa = PBXFileReference; lastKnownFileType = sourcecode.c.h; path = SafetyContracts.h; sourceTree = "<group>"; };
		67409FFD1F90FF8C00E79C9E /* Info.plist */ = {isa = PBXFileReference; lastKnownFileType = text.plist.xml; path = Info.plist; sourceTree = "<group>"; };
		6740A0071F90FF9400E79C9E /* Contracts.swift */ = {isa = PBXFileReference; fileEncoding = 4; lastKnownFileType = sourcecode.swift; path = Contracts.swift; sourceTree = "<group>"; };
		6740A3001F911B0900E79C9E /* PersistableExtension.swift */ = {isa = PBXFileReference; lastKnownFileType = sourcecode.swift; path = PersistableExtension.swift; sourceTree = "<group>"; };
		6740A3011F911B0900E79C9E /* Client.swift */ = {isa = PBXFileReference; lastKnownFileType = sourcecode.swift; path = Client.swift; sourceTree = "<group>"; };
		6740A3021F911B1900E79C9E /* Utils.swift */ = {isa = PBXFileReference; lastKnownFileType = sourcecode.swift; path = Utils.swift; sourceTree = "<group>"; };
		6740A3091F911B4700E79C9E /* KituraBuddy.framework */ = {isa = PBXFileReference; explicitFileType = wrapper.framework; includeInIndex = 0; path = KituraBuddy.framework; sourceTree = BUILT_PRODUCTS_DIR; };
		6740A30B1F911B4700E79C9E /* KituraBuddy.h */ = {isa = PBXFileReference; lastKnownFileType = sourcecode.c.h; path = KituraBuddy.h; sourceTree = "<group>"; };
		6740A30C1F911B4700E79C9E /* Info.plist */ = {isa = PBXFileReference; lastKnownFileType = text.plist.xml; path = Info.plist; sourceTree = "<group>"; };
		6740A3161F911B4E00E79C9E /* PersistableExtension.swift */ = {isa = PBXFileReference; fileEncoding = 4; lastKnownFileType = sourcecode.swift; path = PersistableExtension.swift; sourceTree = "<group>"; };
		6740A3171F911B4E00E79C9E /* Client.swift */ = {isa = PBXFileReference; fileEncoding = 4; lastKnownFileType = sourcecode.swift; path = Client.swift; sourceTree = "<group>"; };
		6740A3181F911B4E00E79C9E /* Utils.swift */ = {isa = PBXFileReference; fileEncoding = 4; lastKnownFileType = sourcecode.swift; path = Utils.swift; sourceTree = "<group>"; };
/* End PBXFileReference section */

/* Begin PBXFrameworksBuildPhase section */
		6713B5B21F8D00F900FE457C /* Frameworks */ = {
			isa = PBXFrameworksBuildPhase;
			buildActionMask = 2147483647;
			files = (
			);
			runOnlyForDeploymentPostprocessing = 0;
		};
		6713B5CF1F8D014000FE457C /* Frameworks */ = {
			isa = PBXFrameworksBuildPhase;
			buildActionMask = 2147483647;
			files = (
				6713B60B1F8D017800FE457C /* CircuitBreaker.framework in Frameworks */,
			);
			runOnlyForDeploymentPostprocessing = 0;
		};
		6713B5F41F8D016A00FE457C /* Frameworks */ = {
			isa = PBXFrameworksBuildPhase;
			buildActionMask = 2147483647;
			files = (
				6713B60C1F8D018700FE457C /* LoggerAPI.framework in Frameworks */,
			);
			runOnlyForDeploymentPostprocessing = 0;
		};
		671676BE1F838AFE007DAA76 /* Frameworks */ = {
			isa = PBXFrameworksBuildPhase;
			buildActionMask = 2147483647;
			files = (
				6740A3101F911B4700E79C9E /* KituraBuddy.framework in Frameworks */,
				6713B5BD1F8D00F900FE457C /* LoggerAPI.framework in Frameworks */,
				6713B5DA1F8D014000FE457C /* SwiftyRequest.framework in Frameworks */,
				6740A0011F90FF8C00E79C9E /* SafetyContracts.framework in Frameworks */,
				6713B5FF1F8D016A00FE457C /* CircuitBreaker.framework in Frameworks */,
			);
			runOnlyForDeploymentPostprocessing = 0;
		};
		671676D21F838AFE007DAA76 /* Frameworks */ = {
			isa = PBXFrameworksBuildPhase;
			buildActionMask = 2147483647;
			files = (
			);
			runOnlyForDeploymentPostprocessing = 0;
		};
		671676DD1F838AFE007DAA76 /* Frameworks */ = {
			isa = PBXFrameworksBuildPhase;
			buildActionMask = 2147483647;
			files = (
			);
			runOnlyForDeploymentPostprocessing = 0;
		};
		67409FF61F90FF8C00E79C9E /* Frameworks */ = {
			isa = PBXFrameworksBuildPhase;
			buildActionMask = 2147483647;
			files = (
			);
			runOnlyForDeploymentPostprocessing = 0;
		};
		6740A3051F911B4700E79C9E /* Frameworks */ = {
			isa = PBXFrameworksBuildPhase;
			buildActionMask = 2147483647;
			files = (
			);
			runOnlyForDeploymentPostprocessing = 0;
		};
/* End PBXFrameworksBuildPhase section */

/* Begin PBXGroup section */
		6713B5411F8CF8D700FE457C /* Frameworks */ = {
			isa = PBXGroup;
			children = (
			);
			name = Frameworks;
			sourceTree = "<group>";
		};
		6713B5AF1F8D00EE00FE457C /* LoggerAPI */ = {
			isa = PBXGroup;
			children = (
				6713B5C21F8D010100FE457C /* LoggerAPI */,
				6713B5B01F8D00EE00FE457C /* Logger.swift */,
			);
			path = LoggerAPI;
			sourceTree = "<group>";
		};
		6713B5B71F8D00F900FE457C /* LoggerAPI */ = {
			isa = PBXGroup;
			children = (
				6713B5B81F8D00F900FE457C /* LoggerAPI.h */,
				6713B5B91F8D00F900FE457C /* Info.plist */,
			);
			path = LoggerAPI;
			sourceTree = "<group>";
		};
		6713B5C21F8D010100FE457C /* LoggerAPI */ = {
			isa = PBXGroup;
			children = (
				6713B5C31F8D010100FE457C /* Logger.swift */,
			);
			name = LoggerAPI;
			sourceTree = "<group>";
		};
		6713B5C61F8D012000FE457C /* SwiftyRequest */ = {
			isa = PBXGroup;
			children = (
				6713B5DF1F8D014800FE457C /* SwiftyRequest */,
				6713B5C71F8D012000FE457C /* MultipartFormData.swift */,
				6713B5C81F8D012000FE457C /* RestRequest.swift */,
				6713B5C91F8D012000FE457C /* RestToken.swift */,
				6713B5CA1F8D012000FE457C /* RestUtilities.swift */,
				6713B5CB1F8D012000FE457C /* StringExtensions.swift */,
				6713B5CC1F8D012000FE457C /* JSON.swift */,
				6713B5CD1F8D012000FE457C /* HTTPMethod.swift */,
			);
			name = SwiftyRequest;
			path = ".build/checkouts/SwiftyRequest.git-6576371758510018075/Sources/SwiftyRequest";
			sourceTree = SOURCE_ROOT;
		};
		6713B5D41F8D014000FE457C /* SwiftyRequest */ = {
			isa = PBXGroup;
			children = (
				6713B5D51F8D014000FE457C /* SwiftyRequest.h */,
				6713B5D61F8D014000FE457C /* Info.plist */,
			);
			path = SwiftyRequest;
			sourceTree = "<group>";
		};
		6713B5DF1F8D014800FE457C /* SwiftyRequest */ = {
			isa = PBXGroup;
			children = (
				6713B5E01F8D014800FE457C /* MultipartFormData.swift */,
				6713B5E11F8D014800FE457C /* RestRequest.swift */,
				6713B5E21F8D014800FE457C /* RestToken.swift */,
				6713B5E31F8D014800FE457C /* RestUtilities.swift */,
				6713B5E41F8D014800FE457C /* StringExtensions.swift */,
				6713B5E51F8D014800FE457C /* JSON.swift */,
				6713B5E61F8D014800FE457C /* HTTPMethod.swift */,
			);
			name = SwiftyRequest;
			sourceTree = "<group>";
		};
		6713B5EF1F8D015F00FE457C /* CircuitBreaker */ = {
			isa = PBXGroup;
			children = (
				6713B6041F8D017200FE457C /* CircuitBreaker */,
				6713B5F01F8D015F00FE457C /* CircuitBreaker.swift */,
				6713B5F11F8D015F00FE457C /* Stats.swift */,
				6713B5F21F8D015F00FE457C /* Utils.swift */,
			);
			path = CircuitBreaker;
			sourceTree = "<group>";
		};
		6713B5F91F8D016A00FE457C /* CircuitBreaker */ = {
			isa = PBXGroup;
			children = (
				6713B5FA1F8D016A00FE457C /* CircuitBreaker.h */,
				6713B5FB1F8D016A00FE457C /* Info.plist */,
			);
			path = CircuitBreaker;
			sourceTree = "<group>";
		};
		6713B6041F8D017200FE457C /* CircuitBreaker */ = {
			isa = PBXGroup;
			children = (
				6713B6051F8D017200FE457C /* CircuitBreaker.swift */,
				6713B6061F8D017200FE457C /* Stats.swift */,
				6713B6071F8D017200FE457C /* Utils.swift */,
			);
			name = CircuitBreaker;
			sourceTree = "<group>";
		};
		671676B81F838AFE007DAA76 = {
			isa = PBXGroup;
			children = (
				671676C31F838AFE007DAA76 /* iOS Sample Kitura Buddy */,
				671676D81F838AFE007DAA76 /* iOS Sample Kitura BuddyTests */,
				671676E31F838AFE007DAA76 /* iOS Sample Kitura BuddyUITests */,
				6713B5B71F8D00F900FE457C /* LoggerAPI */,
				6713B5D41F8D014000FE457C /* SwiftyRequest */,
				6713B5F91F8D016A00FE457C /* CircuitBreaker */,
				67409FFB1F90FF8C00E79C9E /* SafetyContracts */,
				6740A30A1F911B4700E79C9E /* KituraBuddy */,
				671676C21F838AFE007DAA76 /* Products */,
				6713B5411F8CF8D700FE457C /* Frameworks */,
			);
			sourceTree = "<group>";
		};
		671676C21F838AFE007DAA76 /* Products */ = {
			isa = PBXGroup;
			children = (
				671676C11F838AFE007DAA76 /* iOS Sample Kitura Buddy.app */,
				671676D51F838AFE007DAA76 /* iOS Sample Kitura BuddyTests.xctest */,
				671676E01F838AFE007DAA76 /* iOS Sample Kitura BuddyUITests.xctest */,
				6713B5B61F8D00F900FE457C /* LoggerAPI.framework */,
				6713B5D31F8D014000FE457C /* SwiftyRequest.framework */,
				6713B5F81F8D016A00FE457C /* CircuitBreaker.framework */,
				67409FFA1F90FF8C00E79C9E /* SafetyContracts.framework */,
				6740A3091F911B4700E79C9E /* KituraBuddy.framework */,
			);
			name = Products;
			sourceTree = "<group>";
		};
		671676C31F838AFE007DAA76 /* iOS Sample Kitura Buddy */ = {
			isa = PBXGroup;
			children = (
				671676C41F838AFE007DAA76 /* AppDelegate.swift */,
				671676C61F838AFE007DAA76 /* ViewController.swift */,
				6716770D1F839CE0007DAA76 /* Model.swift */,
				671676C81F838AFE007DAA76 /* Main.storyboard */,
				671676CB1F838AFE007DAA76 /* Assets.xcassets */,
				671676CD1F838AFE007DAA76 /* LaunchScreen.storyboard */,
				671676D01F838AFE007DAA76 /* Info.plist */,
				6740A2FF1F911B0900E79C9E /* KituraBuddy */,
				67409FF31F90FF8200E79C9E /* SafetyContracts */,
				6713B5EF1F8D015F00FE457C /* CircuitBreaker */,
				6713B5C61F8D012000FE457C /* SwiftyRequest */,
				6713B5AF1F8D00EE00FE457C /* LoggerAPI */,
			);
			path = "iOS Sample Kitura Buddy";
			sourceTree = "<group>";
		};
		671676D81F838AFE007DAA76 /* iOS Sample Kitura BuddyTests */ = {
			isa = PBXGroup;
			children = (
				671676D91F838AFE007DAA76 /* iOS_Sample_Kitura_BuddyTests.swift */,
				671676DB1F838AFE007DAA76 /* Info.plist */,
			);
			path = "iOS Sample Kitura BuddyTests";
			sourceTree = "<group>";
		};
		671676E31F838AFE007DAA76 /* iOS Sample Kitura BuddyUITests */ = {
			isa = PBXGroup;
			children = (
				671676E41F838AFE007DAA76 /* iOS_Sample_Kitura_BuddyUITests.swift */,
				671676E61F838AFE007DAA76 /* Info.plist */,
			);
			path = "iOS Sample Kitura BuddyUITests";
			sourceTree = "<group>";
		};
		67409FF31F90FF8200E79C9E /* SafetyContracts */ = {
			isa = PBXGroup;
			children = (
				6740A0061F90FF9400E79C9E /* SafetyContracts */,
				67409FF41F90FF8200E79C9E /* Contracts.swift */,
			);
			name = SafetyContracts;
			path = ".build/checkouts/SafetyContracts.git-8240730877527910603/Sources/SafetyContracts";
			sourceTree = SOURCE_ROOT;
		};
		67409FFB1F90FF8C00E79C9E /* SafetyContracts */ = {
			isa = PBXGroup;
			children = (
				67409FFC1F90FF8C00E79C9E /* SafetyContracts.h */,
				67409FFD1F90FF8C00E79C9E /* Info.plist */,
			);
			path = SafetyContracts;
			sourceTree = "<group>";
		};
		6740A0061F90FF9400E79C9E /* SafetyContracts */ = {
			isa = PBXGroup;
			children = (
				6740A0071F90FF9400E79C9E /* Contracts.swift */,
			);
			name = SafetyContracts;
			sourceTree = "<group>";
		};
		6740A2FF1F911B0900E79C9E /* KituraBuddy */ = {
			isa = PBXGroup;
			children = (
				6740A3151F911B4E00E79C9E /* KituraBuddy */,
				6740A3001F911B0900E79C9E /* PersistableExtension.swift */,
				6740A3011F911B0900E79C9E /* Client.swift */,
				6740A3021F911B1900E79C9E /* Utils.swift */,
			);
			name = KituraBuddy;
			path = ".build/checkouts/KituraBuddy.git-5939336420118925328/Sources/KituraBuddy";
			sourceTree = SOURCE_ROOT;
		};
		6740A30A1F911B4700E79C9E /* KituraBuddy */ = {
			isa = PBXGroup;
			children = (
				6740A30B1F911B4700E79C9E /* KituraBuddy.h */,
				6740A30C1F911B4700E79C9E /* Info.plist */,
			);
			path = KituraBuddy;
			sourceTree = "<group>";
		};
		6740A3151F911B4E00E79C9E /* KituraBuddy */ = {
			isa = PBXGroup;
			children = (
				6740A3161F911B4E00E79C9E /* PersistableExtension.swift */,
				6740A3171F911B4E00E79C9E /* Client.swift */,
				6740A3181F911B4E00E79C9E /* Utils.swift */,
			);
			name = KituraBuddy;
			sourceTree = "<group>";
		};
/* End PBXGroup section */

/* Begin PBXHeadersBuildPhase section */
		6713B5B31F8D00F900FE457C /* Headers */ = {
			isa = PBXHeadersBuildPhase;
			buildActionMask = 2147483647;
			files = (
				6713B5BA1F8D00F900FE457C /* LoggerAPI.h in Headers */,
			);
			runOnlyForDeploymentPostprocessing = 0;
		};
		6713B5D01F8D014000FE457C /* Headers */ = {
			isa = PBXHeadersBuildPhase;
			buildActionMask = 2147483647;
			files = (
				6713B5D71F8D014000FE457C /* SwiftyRequest.h in Headers */,
			);
			runOnlyForDeploymentPostprocessing = 0;
		};
		6713B5F51F8D016A00FE457C /* Headers */ = {
			isa = PBXHeadersBuildPhase;
			buildActionMask = 2147483647;
			files = (
				6713B5FC1F8D016A00FE457C /* CircuitBreaker.h in Headers */,
			);
			runOnlyForDeploymentPostprocessing = 0;
		};
		67409FF71F90FF8C00E79C9E /* Headers */ = {
			isa = PBXHeadersBuildPhase;
			buildActionMask = 2147483647;
			files = (
				67409FFE1F90FF8C00E79C9E /* SafetyContracts.h in Headers */,
			);
			runOnlyForDeploymentPostprocessing = 0;
		};
		6740A3061F911B4700E79C9E /* Headers */ = {
			isa = PBXHeadersBuildPhase;
			buildActionMask = 2147483647;
			files = (
				6740A30D1F911B4700E79C9E /* KituraBuddy.h in Headers */,
			);
			runOnlyForDeploymentPostprocessing = 0;
		};
/* End PBXHeadersBuildPhase section */

/* Begin PBXNativeTarget section */
		6713B5B51F8D00F900FE457C /* LoggerAPI */ = {
			isa = PBXNativeTarget;
			buildConfigurationList = 6713B5BF1F8D00F900FE457C /* Build configuration list for PBXNativeTarget "LoggerAPI" */;
			buildPhases = (
				6713B5B11F8D00F900FE457C /* Sources */,
				6713B5B21F8D00F900FE457C /* Frameworks */,
				6713B5B31F8D00F900FE457C /* Headers */,
				6713B5B41F8D00F900FE457C /* Resources */,
			);
			buildRules = (
			);
			dependencies = (
			);
			name = LoggerAPI;
			productName = LoggerAPI;
			productReference = 6713B5B61F8D00F900FE457C /* LoggerAPI.framework */;
			productType = "com.apple.product-type.framework";
		};
		6713B5D21F8D014000FE457C /* SwiftyRequest */ = {
			isa = PBXNativeTarget;
			buildConfigurationList = 6713B5DC1F8D014000FE457C /* Build configuration list for PBXNativeTarget "SwiftyRequest" */;
			buildPhases = (
				6713B5CE1F8D014000FE457C /* Sources */,
				6713B5CF1F8D014000FE457C /* Frameworks */,
				6713B5D01F8D014000FE457C /* Headers */,
				6713B5D11F8D014000FE457C /* Resources */,
			);
			buildRules = (
			);
			dependencies = (
			);
			name = SwiftyRequest;
			productName = SwiftyRequest;
			productReference = 6713B5D31F8D014000FE457C /* SwiftyRequest.framework */;
			productType = "com.apple.product-type.framework";
		};
		6713B5F71F8D016A00FE457C /* CircuitBreaker */ = {
			isa = PBXNativeTarget;
			buildConfigurationList = 6713B6011F8D016A00FE457C /* Build configuration list for PBXNativeTarget "CircuitBreaker" */;
			buildPhases = (
				6713B5F31F8D016A00FE457C /* Sources */,
				6713B5F41F8D016A00FE457C /* Frameworks */,
				6713B5F51F8D016A00FE457C /* Headers */,
				6713B5F61F8D016A00FE457C /* Resources */,
			);
			buildRules = (
			);
			dependencies = (
			);
			name = CircuitBreaker;
			productName = CircuitBreaker;
			productReference = 6713B5F81F8D016A00FE457C /* CircuitBreaker.framework */;
			productType = "com.apple.product-type.framework";
		};
		671676C01F838AFE007DAA76 /* iOS Sample Kitura Buddy */ = {
			isa = PBXNativeTarget;
			buildConfigurationList = 671676E91F838AFE007DAA76 /* Build configuration list for PBXNativeTarget "iOS Sample Kitura Buddy" */;
			buildPhases = (
				671676BD1F838AFE007DAA76 /* Sources */,
				671676BE1F838AFE007DAA76 /* Frameworks */,
				671676BF1F838AFE007DAA76 /* Resources */,
				6713B2291F8CE90D00FE457C /* Embed Frameworks */,
			);
			buildRules = (
			);
			dependencies = (
				6713B5BC1F8D00F900FE457C /* PBXTargetDependency */,
				6713B5D91F8D014000FE457C /* PBXTargetDependency */,
				6713B5FE1F8D016A00FE457C /* PBXTargetDependency */,
				6740A0001F90FF8C00E79C9E /* PBXTargetDependency */,
				6740A30F1F911B4700E79C9E /* PBXTargetDependency */,
			);
			name = "iOS Sample Kitura Buddy";
			productName = "iOS Sample Kitura Buddy";
			productReference = 671676C11F838AFE007DAA76 /* iOS Sample Kitura Buddy.app */;
			productType = "com.apple.product-type.application";
		};
		671676D41F838AFE007DAA76 /* iOS Sample Kitura BuddyTests */ = {
			isa = PBXNativeTarget;
			buildConfigurationList = 671676EC1F838AFE007DAA76 /* Build configuration list for PBXNativeTarget "iOS Sample Kitura BuddyTests" */;
			buildPhases = (
				671676D11F838AFE007DAA76 /* Sources */,
				671676D21F838AFE007DAA76 /* Frameworks */,
				671676D31F838AFE007DAA76 /* Resources */,
			);
			buildRules = (
			);
			dependencies = (
				671676D71F838AFE007DAA76 /* PBXTargetDependency */,
			);
			name = "iOS Sample Kitura BuddyTests";
			productName = "iOS Sample Kitura BuddyTests";
			productReference = 671676D51F838AFE007DAA76 /* iOS Sample Kitura BuddyTests.xctest */;
			productType = "com.apple.product-type.bundle.unit-test";
		};
		671676DF1F838AFE007DAA76 /* iOS Sample Kitura BuddyUITests */ = {
			isa = PBXNativeTarget;
			buildConfigurationList = 671676EF1F838AFE007DAA76 /* Build configuration list for PBXNativeTarget "iOS Sample Kitura BuddyUITests" */;
			buildPhases = (
				671676DC1F838AFE007DAA76 /* Sources */,
				671676DD1F838AFE007DAA76 /* Frameworks */,
				671676DE1F838AFE007DAA76 /* Resources */,
			);
			buildRules = (
			);
			dependencies = (
				671676E21F838AFE007DAA76 /* PBXTargetDependency */,
			);
			name = "iOS Sample Kitura BuddyUITests";
			productName = "iOS Sample Kitura BuddyUITests";
			productReference = 671676E01F838AFE007DAA76 /* iOS Sample Kitura BuddyUITests.xctest */;
			productType = "com.apple.product-type.bundle.ui-testing";
		};
		67409FF91F90FF8C00E79C9E /* SafetyContracts */ = {
			isa = PBXNativeTarget;
			buildConfigurationList = 6740A0031F90FF8C00E79C9E /* Build configuration list for PBXNativeTarget "SafetyContracts" */;
			buildPhases = (
				67409FF51F90FF8C00E79C9E /* Sources */,
				67409FF61F90FF8C00E79C9E /* Frameworks */,
				67409FF71F90FF8C00E79C9E /* Headers */,
				67409FF81F90FF8C00E79C9E /* Resources */,
			);
			buildRules = (
			);
			dependencies = (
			);
			name = SafetyContracts;
			productName = SafetyContracts;
			productReference = 67409FFA1F90FF8C00E79C9E /* SafetyContracts.framework */;
			productType = "com.apple.product-type.framework";
		};
		6740A3081F911B4700E79C9E /* KituraBuddy */ = {
			isa = PBXNativeTarget;
			buildConfigurationList = 6740A3121F911B4700E79C9E /* Build configuration list for PBXNativeTarget "KituraBuddy" */;
			buildPhases = (
				6740A3041F911B4700E79C9E /* Sources */,
				6740A3051F911B4700E79C9E /* Frameworks */,
				6740A3061F911B4700E79C9E /* Headers */,
				6740A3071F911B4700E79C9E /* Resources */,
			);
			buildRules = (
			);
			dependencies = (
			);
			name = KituraBuddy;
			productName = KituraBuddy;
			productReference = 6740A3091F911B4700E79C9E /* KituraBuddy.framework */;
			productType = "com.apple.product-type.framework";
		};
/* End PBXNativeTarget section */

/* Begin PBXProject section */
		671676B91F838AFE007DAA76 /* Project object */ = {
			isa = PBXProject;
			attributes = {
				LastSwiftUpdateCheck = 0900;
				LastUpgradeCheck = 0900;
				ORGANIZATIONNAME = IBM;
				TargetAttributes = {
					6713B5B51F8D00F900FE457C = {
						CreatedOnToolsVersion = 9.0;
						ProvisioningStyle = Automatic;
					};
					6713B5D21F8D014000FE457C = {
						CreatedOnToolsVersion = 9.0;
						ProvisioningStyle = Automatic;
					};
					6713B5F71F8D016A00FE457C = {
						CreatedOnToolsVersion = 9.0;
						ProvisioningStyle = Automatic;
					};
					671676C01F838AFE007DAA76 = {
						CreatedOnToolsVersion = 9.0;
						ProvisioningStyle = Automatic;
					};
					671676D41F838AFE007DAA76 = {
						CreatedOnToolsVersion = 9.0;
						ProvisioningStyle = Automatic;
						TestTargetID = 671676C01F838AFE007DAA76;
					};
					671676DF1F838AFE007DAA76 = {
						CreatedOnToolsVersion = 9.0;
						ProvisioningStyle = Automatic;
						TestTargetID = 671676C01F838AFE007DAA76;
					};
					67409FF91F90FF8C00E79C9E = {
						CreatedOnToolsVersion = 9.0;
						ProvisioningStyle = Automatic;
					};
					6740A3081F911B4700E79C9E = {
						CreatedOnToolsVersion = 9.0;
						ProvisioningStyle = Automatic;
					};
				};
			};
			buildConfigurationList = 671676BC1F838AFE007DAA76 /* Build configuration list for PBXProject "iOS Sample Kitura Buddy" */;
			compatibilityVersion = "Xcode 8.0";
			developmentRegion = en;
			hasScannedForEncodings = 0;
			knownRegions = (
				en,
				Base,
			);
			mainGroup = 671676B81F838AFE007DAA76;
			productRefGroup = 671676C21F838AFE007DAA76 /* Products */;
			projectDirPath = "";
			projectRoot = "";
			targets = (
				671676C01F838AFE007DAA76 /* iOS Sample Kitura Buddy */,
				671676D41F838AFE007DAA76 /* iOS Sample Kitura BuddyTests */,
				671676DF1F838AFE007DAA76 /* iOS Sample Kitura BuddyUITests */,
				6713B5B51F8D00F900FE457C /* LoggerAPI */,
				6713B5D21F8D014000FE457C /* SwiftyRequest */,
				6713B5F71F8D016A00FE457C /* CircuitBreaker */,
				67409FF91F90FF8C00E79C9E /* SafetyContracts */,
				6740A3081F911B4700E79C9E /* KituraBuddy */,
			);
		};
/* End PBXProject section */

/* Begin PBXResourcesBuildPhase section */
		6713B5B41F8D00F900FE457C /* Resources */ = {
			isa = PBXResourcesBuildPhase;
			buildActionMask = 2147483647;
			files = (
			);
			runOnlyForDeploymentPostprocessing = 0;
		};
		6713B5D11F8D014000FE457C /* Resources */ = {
			isa = PBXResourcesBuildPhase;
			buildActionMask = 2147483647;
			files = (
			);
			runOnlyForDeploymentPostprocessing = 0;
		};
		6713B5F61F8D016A00FE457C /* Resources */ = {
			isa = PBXResourcesBuildPhase;
			buildActionMask = 2147483647;
			files = (
			);
			runOnlyForDeploymentPostprocessing = 0;
		};
		671676BF1F838AFE007DAA76 /* Resources */ = {
			isa = PBXResourcesBuildPhase;
			buildActionMask = 2147483647;
			files = (
				671676CF1F838AFE007DAA76 /* LaunchScreen.storyboard in Resources */,
				671676CC1F838AFE007DAA76 /* Assets.xcassets in Resources */,
				671676CA1F838AFE007DAA76 /* Main.storyboard in Resources */,
			);
			runOnlyForDeploymentPostprocessing = 0;
		};
		671676D31F838AFE007DAA76 /* Resources */ = {
			isa = PBXResourcesBuildPhase;
			buildActionMask = 2147483647;
			files = (
			);
			runOnlyForDeploymentPostprocessing = 0;
		};
		671676DE1F838AFE007DAA76 /* Resources */ = {
			isa = PBXResourcesBuildPhase;
			buildActionMask = 2147483647;
			files = (
			);
			runOnlyForDeploymentPostprocessing = 0;
		};
		67409FF81F90FF8C00E79C9E /* Resources */ = {
			isa = PBXResourcesBuildPhase;
			buildActionMask = 2147483647;
			files = (
			);
			runOnlyForDeploymentPostprocessing = 0;
		};
		6740A3071F911B4700E79C9E /* Resources */ = {
			isa = PBXResourcesBuildPhase;
			buildActionMask = 2147483647;
			files = (
			);
			runOnlyForDeploymentPostprocessing = 0;
		};
/* End PBXResourcesBuildPhase section */

/* Begin PBXSourcesBuildPhase section */
		6713B5B11F8D00F900FE457C /* Sources */ = {
			isa = PBXSourcesBuildPhase;
			buildActionMask = 2147483647;
			files = (
				6713B5C41F8D010100FE457C /* Logger.swift in Sources */,
			);
			runOnlyForDeploymentPostprocessing = 0;
		};
		6713B5CE1F8D014000FE457C /* Sources */ = {
			isa = PBXSourcesBuildPhase;
			buildActionMask = 2147483647;
			files = (
				6713B5EA1F8D014800FE457C /* RestUtilities.swift in Sources */,
				6713B5E71F8D014800FE457C /* MultipartFormData.swift in Sources */,
				6713B5ED1F8D014800FE457C /* HTTPMethod.swift in Sources */,
				6713B5EB1F8D014800FE457C /* StringExtensions.swift in Sources */,
				6713B5EC1F8D014800FE457C /* JSON.swift in Sources */,
				6713B5E81F8D014800FE457C /* RestRequest.swift in Sources */,
				6713B5E91F8D014800FE457C /* RestToken.swift in Sources */,
			);
			runOnlyForDeploymentPostprocessing = 0;
		};
		6713B5F31F8D016A00FE457C /* Sources */ = {
			isa = PBXSourcesBuildPhase;
			buildActionMask = 2147483647;
			files = (
				6713B6081F8D017200FE457C /* CircuitBreaker.swift in Sources */,
				6713B6091F8D017200FE457C /* Stats.swift in Sources */,
				6713B60A1F8D017200FE457C /* Utils.swift in Sources */,
			);
			runOnlyForDeploymentPostprocessing = 0;
		};
		671676BD1F838AFE007DAA76 /* Sources */ = {
			isa = PBXSourcesBuildPhase;
			buildActionMask = 2147483647;
			files = (
				67C4FC331F83D6ED00667A9A /* ViewController.swift in Sources */,
				6716770E1F839CE0007DAA76 /* Model.swift in Sources */,
				671676C51F838AFE007DAA76 /* AppDelegate.swift in Sources */,
				6740A3031F911B1900E79C9E /* Utils.swift in Sources */,
			);
			runOnlyForDeploymentPostprocessing = 0;
		};
		671676D11F838AFE007DAA76 /* Sources */ = {
			isa = PBXSourcesBuildPhase;
			buildActionMask = 2147483647;
			files = (
				671676DA1F838AFE007DAA76 /* iOS_Sample_Kitura_BuddyTests.swift in Sources */,
			);
			runOnlyForDeploymentPostprocessing = 0;
		};
		671676DC1F838AFE007DAA76 /* Sources */ = {
			isa = PBXSourcesBuildPhase;
			buildActionMask = 2147483647;
			files = (
				671676E51F838AFE007DAA76 /* iOS_Sample_Kitura_BuddyUITests.swift in Sources */,
			);
			runOnlyForDeploymentPostprocessing = 0;
		};
		67409FF51F90FF8C00E79C9E /* Sources */ = {
			isa = PBXSourcesBuildPhase;
			buildActionMask = 2147483647;
			files = (
				6740A0081F90FF9400E79C9E /* Contracts.swift in Sources */,
			);
			runOnlyForDeploymentPostprocessing = 0;
		};
		6740A3041F911B4700E79C9E /* Sources */ = {
			isa = PBXSourcesBuildPhase;
			buildActionMask = 2147483647;
			files = (
				6740A31A1F911B4E00E79C9E /* Client.swift in Sources */,
				6740A3191F911B4E00E79C9E /* PersistableExtension.swift in Sources */,
				6740A31B1F911B4E00E79C9E /* Utils.swift in Sources */,
			);
			runOnlyForDeploymentPostprocessing = 0;
		};
/* End PBXSourcesBuildPhase section */

/* Begin PBXTargetDependency section */
		6713B5BC1F8D00F900FE457C /* PBXTargetDependency */ = {
			isa = PBXTargetDependency;
			target = 6713B5B51F8D00F900FE457C /* LoggerAPI */;
			targetProxy = 6713B5BB1F8D00F900FE457C /* PBXContainerItemProxy */;
		};
		6713B5D91F8D014000FE457C /* PBXTargetDependency */ = {
			isa = PBXTargetDependency;
			target = 6713B5D21F8D014000FE457C /* SwiftyRequest */;
			targetProxy = 6713B5D81F8D014000FE457C /* PBXContainerItemProxy */;
		};
		6713B5FE1F8D016A00FE457C /* PBXTargetDependency */ = {
			isa = PBXTargetDependency;
			target = 6713B5F71F8D016A00FE457C /* CircuitBreaker */;
			targetProxy = 6713B5FD1F8D016A00FE457C /* PBXContainerItemProxy */;
		};
		671676D71F838AFE007DAA76 /* PBXTargetDependency */ = {
			isa = PBXTargetDependency;
			target = 671676C01F838AFE007DAA76 /* iOS Sample Kitura Buddy */;
			targetProxy = 671676D61F838AFE007DAA76 /* PBXContainerItemProxy */;
		};
		671676E21F838AFE007DAA76 /* PBXTargetDependency */ = {
			isa = PBXTargetDependency;
			target = 671676C01F838AFE007DAA76 /* iOS Sample Kitura Buddy */;
			targetProxy = 671676E11F838AFE007DAA76 /* PBXContainerItemProxy */;
		};
		6740A0001F90FF8C00E79C9E /* PBXTargetDependency */ = {
			isa = PBXTargetDependency;
			target = 67409FF91F90FF8C00E79C9E /* SafetyContracts */;
			targetProxy = 67409FFF1F90FF8C00E79C9E /* PBXContainerItemProxy */;
		};
		6740A30F1F911B4700E79C9E /* PBXTargetDependency */ = {
			isa = PBXTargetDependency;
			target = 6740A3081F911B4700E79C9E /* KituraBuddy */;
			targetProxy = 6740A30E1F911B4700E79C9E /* PBXContainerItemProxy */;
		};
/* End PBXTargetDependency section */

/* Begin PBXVariantGroup section */
		671676C81F838AFE007DAA76 /* Main.storyboard */ = {
			isa = PBXVariantGroup;
			children = (
				671676C91F838AFE007DAA76 /* Base */,
			);
			name = Main.storyboard;
			sourceTree = "<group>";
		};
		671676CD1F838AFE007DAA76 /* LaunchScreen.storyboard */ = {
			isa = PBXVariantGroup;
			children = (
				671676CE1F838AFE007DAA76 /* Base */,
			);
			name = LaunchScreen.storyboard;
			sourceTree = "<group>";
		};
/* End PBXVariantGroup section */

/* Begin XCBuildConfiguration section */
		6713B5C01F8D00F900FE457C /* Debug */ = {
			isa = XCBuildConfiguration;
			buildSettings = {
				CODE_SIGN_IDENTITY = "";
				CODE_SIGN_STYLE = Automatic;
				CURRENT_PROJECT_VERSION = 1;
				DEFINES_MODULE = YES;
				DEVELOPMENT_TEAM = Q7W47GFKL3;
				DYLIB_COMPATIBILITY_VERSION = 1;
				DYLIB_CURRENT_VERSION = 1;
				DYLIB_INSTALL_NAME_BASE = "@rpath";
				INFOPLIST_FILE = LoggerAPI/Info.plist;
				INSTALL_PATH = "$(LOCAL_LIBRARY_DIR)/Frameworks";
				LD_RUNPATH_SEARCH_PATHS = "$(inherited) @executable_path/Frameworks @loader_path/Frameworks";
				PRODUCT_BUNDLE_IDENTIFIER = com.IBM.LoggerAPI;
				PRODUCT_NAME = "$(TARGET_NAME:c99extidentifier)";
				SKIP_INSTALL = YES;
				SWIFT_VERSION = 4.0;
				TARGETED_DEVICE_FAMILY = "1,2";
				VERSIONING_SYSTEM = "apple-generic";
				VERSION_INFO_PREFIX = "";
			};
			name = Debug;
		};
		6713B5C11F8D00F900FE457C /* Release */ = {
			isa = XCBuildConfiguration;
			buildSettings = {
				CODE_SIGN_IDENTITY = "";
				CODE_SIGN_STYLE = Automatic;
				CURRENT_PROJECT_VERSION = 1;
				DEFINES_MODULE = YES;
				DEVELOPMENT_TEAM = Q7W47GFKL3;
				DYLIB_COMPATIBILITY_VERSION = 1;
				DYLIB_CURRENT_VERSION = 1;
				DYLIB_INSTALL_NAME_BASE = "@rpath";
				INFOPLIST_FILE = LoggerAPI/Info.plist;
				INSTALL_PATH = "$(LOCAL_LIBRARY_DIR)/Frameworks";
				LD_RUNPATH_SEARCH_PATHS = "$(inherited) @executable_path/Frameworks @loader_path/Frameworks";
				PRODUCT_BUNDLE_IDENTIFIER = com.IBM.LoggerAPI;
				PRODUCT_NAME = "$(TARGET_NAME:c99extidentifier)";
				SKIP_INSTALL = YES;
				SWIFT_VERSION = 4.0;
				TARGETED_DEVICE_FAMILY = "1,2";
				VERSIONING_SYSTEM = "apple-generic";
				VERSION_INFO_PREFIX = "";
			};
			name = Release;
		};
		6713B5DD1F8D014000FE457C /* Debug */ = {
			isa = XCBuildConfiguration;
			buildSettings = {
				CODE_SIGN_IDENTITY = "";
				CODE_SIGN_STYLE = Automatic;
				CURRENT_PROJECT_VERSION = 1;
				DEFINES_MODULE = YES;
				DEVELOPMENT_TEAM = Q7W47GFKL3;
				DYLIB_COMPATIBILITY_VERSION = 1;
				DYLIB_CURRENT_VERSION = 1;
				DYLIB_INSTALL_NAME_BASE = "@rpath";
				INFOPLIST_FILE = SwiftyRequest/Info.plist;
				INSTALL_PATH = "$(LOCAL_LIBRARY_DIR)/Frameworks";
				LD_RUNPATH_SEARCH_PATHS = "$(inherited) @executable_path/Frameworks @loader_path/Frameworks";
				PRODUCT_BUNDLE_IDENTIFIER = com.IBM.SwiftyRequest;
				PRODUCT_NAME = "$(TARGET_NAME:c99extidentifier)";
				SKIP_INSTALL = YES;
				SWIFT_VERSION = 4.0;
				TARGETED_DEVICE_FAMILY = "1,2";
				VERSIONING_SYSTEM = "apple-generic";
				VERSION_INFO_PREFIX = "";
			};
			name = Debug;
		};
		6713B5DE1F8D014000FE457C /* Release */ = {
			isa = XCBuildConfiguration;
			buildSettings = {
				CODE_SIGN_IDENTITY = "";
				CODE_SIGN_STYLE = Automatic;
				CURRENT_PROJECT_VERSION = 1;
				DEFINES_MODULE = YES;
				DEVELOPMENT_TEAM = Q7W47GFKL3;
				DYLIB_COMPATIBILITY_VERSION = 1;
				DYLIB_CURRENT_VERSION = 1;
				DYLIB_INSTALL_NAME_BASE = "@rpath";
				INFOPLIST_FILE = SwiftyRequest/Info.plist;
				INSTALL_PATH = "$(LOCAL_LIBRARY_DIR)/Frameworks";
				LD_RUNPATH_SEARCH_PATHS = "$(inherited) @executable_path/Frameworks @loader_path/Frameworks";
				PRODUCT_BUNDLE_IDENTIFIER = com.IBM.SwiftyRequest;
				PRODUCT_NAME = "$(TARGET_NAME:c99extidentifier)";
				SKIP_INSTALL = YES;
				SWIFT_VERSION = 4.0;
				TARGETED_DEVICE_FAMILY = "1,2";
				VERSIONING_SYSTEM = "apple-generic";
				VERSION_INFO_PREFIX = "";
			};
			name = Release;
		};
		6713B6021F8D016A00FE457C /* Debug */ = {
			isa = XCBuildConfiguration;
			buildSettings = {
				CODE_SIGN_IDENTITY = "";
				CODE_SIGN_STYLE = Automatic;
				CURRENT_PROJECT_VERSION = 1;
				DEFINES_MODULE = YES;
				DEVELOPMENT_TEAM = Q7W47GFKL3;
				DYLIB_COMPATIBILITY_VERSION = 1;
				DYLIB_CURRENT_VERSION = 1;
				DYLIB_INSTALL_NAME_BASE = "@rpath";
				INFOPLIST_FILE = CircuitBreaker/Info.plist;
				INSTALL_PATH = "$(LOCAL_LIBRARY_DIR)/Frameworks";
				LD_RUNPATH_SEARCH_PATHS = "$(inherited) @executable_path/Frameworks @loader_path/Frameworks";
				PRODUCT_BUNDLE_IDENTIFIER = com.IBM.CircuitBreaker;
				PRODUCT_NAME = "$(TARGET_NAME:c99extidentifier)";
				SKIP_INSTALL = YES;
				SWIFT_VERSION = 4.0;
				TARGETED_DEVICE_FAMILY = "1,2";
				VERSIONING_SYSTEM = "apple-generic";
				VERSION_INFO_PREFIX = "";
			};
			name = Debug;
		};
		6713B6031F8D016A00FE457C /* Release */ = {
			isa = XCBuildConfiguration;
			buildSettings = {
				CODE_SIGN_IDENTITY = "";
				CODE_SIGN_STYLE = Automatic;
				CURRENT_PROJECT_VERSION = 1;
				DEFINES_MODULE = YES;
				DEVELOPMENT_TEAM = Q7W47GFKL3;
				DYLIB_COMPATIBILITY_VERSION = 1;
				DYLIB_CURRENT_VERSION = 1;
				DYLIB_INSTALL_NAME_BASE = "@rpath";
				INFOPLIST_FILE = CircuitBreaker/Info.plist;
				INSTALL_PATH = "$(LOCAL_LIBRARY_DIR)/Frameworks";
				LD_RUNPATH_SEARCH_PATHS = "$(inherited) @executable_path/Frameworks @loader_path/Frameworks";
				PRODUCT_BUNDLE_IDENTIFIER = com.IBM.CircuitBreaker;
				PRODUCT_NAME = "$(TARGET_NAME:c99extidentifier)";
				SKIP_INSTALL = YES;
				SWIFT_VERSION = 4.0;
				TARGETED_DEVICE_FAMILY = "1,2";
				VERSIONING_SYSTEM = "apple-generic";
				VERSION_INFO_PREFIX = "";
			};
			name = Release;
		};
		671676E71F838AFE007DAA76 /* Debug */ = {
			isa = XCBuildConfiguration;
			buildSettings = {
				ALWAYS_SEARCH_USER_PATHS = NO;
				CLANG_ANALYZER_NONNULL = YES;
				CLANG_ANALYZER_NUMBER_OBJECT_CONVERSION = YES_AGGRESSIVE;
				CLANG_CXX_LANGUAGE_STANDARD = "gnu++14";
				CLANG_CXX_LIBRARY = "libc++";
				CLANG_ENABLE_MODULES = YES;
				CLANG_ENABLE_OBJC_ARC = YES;
				CLANG_WARN_BLOCK_CAPTURE_AUTORELEASING = YES;
				CLANG_WARN_BOOL_CONVERSION = YES;
				CLANG_WARN_COMMA = YES;
				CLANG_WARN_CONSTANT_CONVERSION = YES;
				CLANG_WARN_DIRECT_OBJC_ISA_USAGE = YES_ERROR;
				CLANG_WARN_DOCUMENTATION_COMMENTS = YES;
				CLANG_WARN_EMPTY_BODY = YES;
				CLANG_WARN_ENUM_CONVERSION = YES;
				CLANG_WARN_INFINITE_RECURSION = YES;
				CLANG_WARN_INT_CONVERSION = YES;
				CLANG_WARN_NON_LITERAL_NULL_CONVERSION = YES;
				CLANG_WARN_OBJC_LITERAL_CONVERSION = YES;
				CLANG_WARN_OBJC_ROOT_CLASS = YES_ERROR;
				CLANG_WARN_RANGE_LOOP_ANALYSIS = YES;
				CLANG_WARN_STRICT_PROTOTYPES = YES;
				CLANG_WARN_SUSPICIOUS_MOVE = YES;
				CLANG_WARN_UNGUARDED_AVAILABILITY = YES_AGGRESSIVE;
				CLANG_WARN_UNREACHABLE_CODE = YES;
				CLANG_WARN__DUPLICATE_METHOD_MATCH = YES;
				CODE_SIGN_IDENTITY = "iPhone Developer";
				COPY_PHASE_STRIP = NO;
				DEBUG_INFORMATION_FORMAT = dwarf;
				ENABLE_STRICT_OBJC_MSGSEND = YES;
				ENABLE_TESTABILITY = YES;
				GCC_C_LANGUAGE_STANDARD = gnu11;
				GCC_DYNAMIC_NO_PIC = NO;
				GCC_NO_COMMON_BLOCKS = YES;
				GCC_OPTIMIZATION_LEVEL = 0;
				GCC_PREPROCESSOR_DEFINITIONS = (
					"DEBUG=1",
					"$(inherited)",
				);
				GCC_WARN_64_TO_32_BIT_CONVERSION = YES;
				GCC_WARN_ABOUT_RETURN_TYPE = YES_ERROR;
				GCC_WARN_UNDECLARED_SELECTOR = YES;
				GCC_WARN_UNINITIALIZED_AUTOS = YES_AGGRESSIVE;
				GCC_WARN_UNUSED_FUNCTION = YES;
				GCC_WARN_UNUSED_VARIABLE = YES;
				IPHONEOS_DEPLOYMENT_TARGET = 11.0;
				MTL_ENABLE_DEBUG_INFO = YES;
				ONLY_ACTIVE_ARCH = YES;
				SDKROOT = iphoneos;
				SWIFT_ACTIVE_COMPILATION_CONDITIONS = DEBUG;
				SWIFT_OPTIMIZATION_LEVEL = "-Onone";
			};
			name = Debug;
		};
		671676E81F838AFE007DAA76 /* Release */ = {
			isa = XCBuildConfiguration;
			buildSettings = {
				ALWAYS_SEARCH_USER_PATHS = NO;
				CLANG_ANALYZER_NONNULL = YES;
				CLANG_ANALYZER_NUMBER_OBJECT_CONVERSION = YES_AGGRESSIVE;
				CLANG_CXX_LANGUAGE_STANDARD = "gnu++14";
				CLANG_CXX_LIBRARY = "libc++";
				CLANG_ENABLE_MODULES = YES;
				CLANG_ENABLE_OBJC_ARC = YES;
				CLANG_WARN_BLOCK_CAPTURE_AUTORELEASING = YES;
				CLANG_WARN_BOOL_CONVERSION = YES;
				CLANG_WARN_COMMA = YES;
				CLANG_WARN_CONSTANT_CONVERSION = YES;
				CLANG_WARN_DIRECT_OBJC_ISA_USAGE = YES_ERROR;
				CLANG_WARN_DOCUMENTATION_COMMENTS = YES;
				CLANG_WARN_EMPTY_BODY = YES;
				CLANG_WARN_ENUM_CONVERSION = YES;
				CLANG_WARN_INFINITE_RECURSION = YES;
				CLANG_WARN_INT_CONVERSION = YES;
				CLANG_WARN_NON_LITERAL_NULL_CONVERSION = YES;
				CLANG_WARN_OBJC_LITERAL_CONVERSION = YES;
				CLANG_WARN_OBJC_ROOT_CLASS = YES_ERROR;
				CLANG_WARN_RANGE_LOOP_ANALYSIS = YES;
				CLANG_WARN_STRICT_PROTOTYPES = YES;
				CLANG_WARN_SUSPICIOUS_MOVE = YES;
				CLANG_WARN_UNGUARDED_AVAILABILITY = YES_AGGRESSIVE;
				CLANG_WARN_UNREACHABLE_CODE = YES;
				CLANG_WARN__DUPLICATE_METHOD_MATCH = YES;
				CODE_SIGN_IDENTITY = "iPhone Developer";
				COPY_PHASE_STRIP = NO;
				DEBUG_INFORMATION_FORMAT = "dwarf-with-dsym";
				ENABLE_NS_ASSERTIONS = NO;
				ENABLE_STRICT_OBJC_MSGSEND = YES;
				GCC_C_LANGUAGE_STANDARD = gnu11;
				GCC_NO_COMMON_BLOCKS = YES;
				GCC_WARN_64_TO_32_BIT_CONVERSION = YES;
				GCC_WARN_ABOUT_RETURN_TYPE = YES_ERROR;
				GCC_WARN_UNDECLARED_SELECTOR = YES;
				GCC_WARN_UNINITIALIZED_AUTOS = YES_AGGRESSIVE;
				GCC_WARN_UNUSED_FUNCTION = YES;
				GCC_WARN_UNUSED_VARIABLE = YES;
				IPHONEOS_DEPLOYMENT_TARGET = 11.0;
				MTL_ENABLE_DEBUG_INFO = NO;
				SDKROOT = iphoneos;
				SWIFT_OPTIMIZATION_LEVEL = "-Owholemodule";
				VALIDATE_PRODUCT = YES;
			};
			name = Release;
		};
		671676EA1F838AFE007DAA76 /* Debug */ = {
			isa = XCBuildConfiguration;
			buildSettings = {
				ALWAYS_EMBED_SWIFT_STANDARD_LIBRARIES = YES;
				ASSETCATALOG_COMPILER_APPICON_NAME = AppIcon;
				CODE_SIGN_STYLE = Automatic;
				DEVELOPMENT_TEAM = Q7W47GFKL3;
				INFOPLIST_FILE = "iOS Sample Kitura Buddy/Info.plist";
				LD_RUNPATH_SEARCH_PATHS = "$(inherited) @executable_path/Frameworks";
				PRODUCT_BUNDLE_IDENTIFIER = "com.IBM.iOS-Sample-Kitura-Buddy";
				PRODUCT_NAME = "$(TARGET_NAME)";
				SWIFT_INCLUDE_PATHS = "";
				SWIFT_VERSION = 4.0;
				TARGETED_DEVICE_FAMILY = "1,2";
			};
			name = Debug;
		};
		671676EB1F838AFE007DAA76 /* Release */ = {
			isa = XCBuildConfiguration;
			buildSettings = {
				ALWAYS_EMBED_SWIFT_STANDARD_LIBRARIES = YES;
				ASSETCATALOG_COMPILER_APPICON_NAME = AppIcon;
				CODE_SIGN_STYLE = Automatic;
				DEVELOPMENT_TEAM = Q7W47GFKL3;
				INFOPLIST_FILE = "iOS Sample Kitura Buddy/Info.plist";
				LD_RUNPATH_SEARCH_PATHS = "$(inherited) @executable_path/Frameworks";
				PRODUCT_BUNDLE_IDENTIFIER = "com.IBM.iOS-Sample-Kitura-Buddy";
				PRODUCT_NAME = "$(TARGET_NAME)";
				SWIFT_INCLUDE_PATHS = "";
				SWIFT_VERSION = 4.0;
				TARGETED_DEVICE_FAMILY = "1,2";
			};
			name = Release;
		};
		671676ED1F838AFE007DAA76 /* Debug */ = {
			isa = XCBuildConfiguration;
			buildSettings = {
				ALWAYS_EMBED_SWIFT_STANDARD_LIBRARIES = YES;
				BUNDLE_LOADER = "$(TEST_HOST)";
				CODE_SIGN_STYLE = Automatic;
				DEVELOPMENT_TEAM = Q7W47GFKL3;
				INFOPLIST_FILE = "iOS Sample Kitura BuddyTests/Info.plist";
				LD_RUNPATH_SEARCH_PATHS = "$(inherited) @executable_path/Frameworks @loader_path/Frameworks";
				PRODUCT_BUNDLE_IDENTIFIER = "com.IBM.iOS-Sample-Kitura-BuddyTests";
				PRODUCT_NAME = "$(TARGET_NAME)";
				SWIFT_VERSION = 4.0;
				TARGETED_DEVICE_FAMILY = "1,2";
				TEST_HOST = "$(BUILT_PRODUCTS_DIR)/iOS Sample Kitura Buddy.app/iOS Sample Kitura Buddy";
			};
			name = Debug;
		};
		671676EE1F838AFE007DAA76 /* Release */ = {
			isa = XCBuildConfiguration;
			buildSettings = {
				ALWAYS_EMBED_SWIFT_STANDARD_LIBRARIES = YES;
				BUNDLE_LOADER = "$(TEST_HOST)";
				CODE_SIGN_STYLE = Automatic;
				DEVELOPMENT_TEAM = Q7W47GFKL3;
				INFOPLIST_FILE = "iOS Sample Kitura BuddyTests/Info.plist";
				LD_RUNPATH_SEARCH_PATHS = "$(inherited) @executable_path/Frameworks @loader_path/Frameworks";
				PRODUCT_BUNDLE_IDENTIFIER = "com.IBM.iOS-Sample-Kitura-BuddyTests";
				PRODUCT_NAME = "$(TARGET_NAME)";
				SWIFT_VERSION = 4.0;
				TARGETED_DEVICE_FAMILY = "1,2";
				TEST_HOST = "$(BUILT_PRODUCTS_DIR)/iOS Sample Kitura Buddy.app/iOS Sample Kitura Buddy";
			};
			name = Release;
		};
		671676F01F838AFE007DAA76 /* Debug */ = {
			isa = XCBuildConfiguration;
			buildSettings = {
				ALWAYS_EMBED_SWIFT_STANDARD_LIBRARIES = YES;
				CODE_SIGN_STYLE = Automatic;
				DEVELOPMENT_TEAM = Q7W47GFKL3;
				INFOPLIST_FILE = "iOS Sample Kitura BuddyUITests/Info.plist";
				LD_RUNPATH_SEARCH_PATHS = "$(inherited) @executable_path/Frameworks @loader_path/Frameworks";
				PRODUCT_BUNDLE_IDENTIFIER = "com.IBM.iOS-Sample-Kitura-BuddyUITests";
				PRODUCT_NAME = "$(TARGET_NAME)";
				SWIFT_VERSION = 4.0;
				TARGETED_DEVICE_FAMILY = "1,2";
				TEST_TARGET_NAME = "iOS Sample Kitura Buddy";
			};
			name = Debug;
		};
		671676F11F838AFE007DAA76 /* Release */ = {
			isa = XCBuildConfiguration;
			buildSettings = {
				ALWAYS_EMBED_SWIFT_STANDARD_LIBRARIES = YES;
				CODE_SIGN_STYLE = Automatic;
				DEVELOPMENT_TEAM = Q7W47GFKL3;
				INFOPLIST_FILE = "iOS Sample Kitura BuddyUITests/Info.plist";
				LD_RUNPATH_SEARCH_PATHS = "$(inherited) @executable_path/Frameworks @loader_path/Frameworks";
				PRODUCT_BUNDLE_IDENTIFIER = "com.IBM.iOS-Sample-Kitura-BuddyUITests";
				PRODUCT_NAME = "$(TARGET_NAME)";
				SWIFT_VERSION = 4.0;
				TARGETED_DEVICE_FAMILY = "1,2";
				TEST_TARGET_NAME = "iOS Sample Kitura Buddy";
			};
			name = Release;
		};
		6740A0041F90FF8C00E79C9E /* Debug */ = {
			isa = XCBuildConfiguration;
			buildSettings = {
				CODE_SIGN_IDENTITY = "";
				CODE_SIGN_STYLE = Automatic;
				CURRENT_PROJECT_VERSION = 1;
				DEFINES_MODULE = YES;
				DEVELOPMENT_TEAM = Q7W47GFKL3;
				DYLIB_COMPATIBILITY_VERSION = 1;
				DYLIB_CURRENT_VERSION = 1;
				DYLIB_INSTALL_NAME_BASE = "@rpath";
				INFOPLIST_FILE = SafetyContracts/Info.plist;
				INSTALL_PATH = "$(LOCAL_LIBRARY_DIR)/Frameworks";
				LD_RUNPATH_SEARCH_PATHS = "$(inherited) @executable_path/Frameworks @loader_path/Frameworks";
				PRODUCT_BUNDLE_IDENTIFIER = com.IBM.SafetyContracts;
				PRODUCT_NAME = "$(TARGET_NAME:c99extidentifier)";
				SKIP_INSTALL = YES;
				SWIFT_VERSION = 4.0;
				TARGETED_DEVICE_FAMILY = "1,2";
				VERSIONING_SYSTEM = "apple-generic";
				VERSION_INFO_PREFIX = "";
			};
			name = Debug;
		};
		6740A0051F90FF8C00E79C9E /* Release */ = {
			isa = XCBuildConfiguration;
			buildSettings = {
				CODE_SIGN_IDENTITY = "";
				CODE_SIGN_STYLE = Automatic;
				CURRENT_PROJECT_VERSION = 1;
				DEFINES_MODULE = YES;
				DEVELOPMENT_TEAM = Q7W47GFKL3;
				DYLIB_COMPATIBILITY_VERSION = 1;
				DYLIB_CURRENT_VERSION = 1;
				DYLIB_INSTALL_NAME_BASE = "@rpath";
				INFOPLIST_FILE = SafetyContracts/Info.plist;
				INSTALL_PATH = "$(LOCAL_LIBRARY_DIR)/Frameworks";
				LD_RUNPATH_SEARCH_PATHS = "$(inherited) @executable_path/Frameworks @loader_path/Frameworks";
				PRODUCT_BUNDLE_IDENTIFIER = com.IBM.SafetyContracts;
				PRODUCT_NAME = "$(TARGET_NAME:c99extidentifier)";
				SKIP_INSTALL = YES;
				SWIFT_VERSION = 4.0;
				TARGETED_DEVICE_FAMILY = "1,2";
				VERSIONING_SYSTEM = "apple-generic";
				VERSION_INFO_PREFIX = "";
			};
			name = Release;
		};
		6740A3131F911B4700E79C9E /* Debug */ = {
			isa = XCBuildConfiguration;
			buildSettings = {
				CODE_SIGN_IDENTITY = "";
				CODE_SIGN_STYLE = Automatic;
				CURRENT_PROJECT_VERSION = 1;
				DEFINES_MODULE = YES;
				DEVELOPMENT_TEAM = Q7W47GFKL3;
				DYLIB_COMPATIBILITY_VERSION = 1;
				DYLIB_CURRENT_VERSION = 1;
				DYLIB_INSTALL_NAME_BASE = "@rpath";
				INFOPLIST_FILE = KituraBuddy/Info.plist;
				INSTALL_PATH = "$(LOCAL_LIBRARY_DIR)/Frameworks";
				LD_RUNPATH_SEARCH_PATHS = "$(inherited) @executable_path/Frameworks @loader_path/Frameworks";
				PRODUCT_BUNDLE_IDENTIFIER = com.IBM.KituraBuddy;
				PRODUCT_NAME = "$(TARGET_NAME:c99extidentifier)";
				SKIP_INSTALL = YES;
				SWIFT_VERSION = 4.0;
				TARGETED_DEVICE_FAMILY = "1,2";
				VERSIONING_SYSTEM = "apple-generic";
				VERSION_INFO_PREFIX = "";
			};
			name = Debug;
		};
		6740A3141F911B4700E79C9E /* Release */ = {
			isa = XCBuildConfiguration;
			buildSettings = {
				CODE_SIGN_IDENTITY = "";
				CODE_SIGN_STYLE = Automatic;
				CURRENT_PROJECT_VERSION = 1;
				DEFINES_MODULE = YES;
				DEVELOPMENT_TEAM = Q7W47GFKL3;
				DYLIB_COMPATIBILITY_VERSION = 1;
				DYLIB_CURRENT_VERSION = 1;
				DYLIB_INSTALL_NAME_BASE = "@rpath";
				INFOPLIST_FILE = KituraBuddy/Info.plist;
				INSTALL_PATH = "$(LOCAL_LIBRARY_DIR)/Frameworks";
				LD_RUNPATH_SEARCH_PATHS = "$(inherited) @executable_path/Frameworks @loader_path/Frameworks";
				PRODUCT_BUNDLE_IDENTIFIER = com.IBM.KituraBuddy;
				PRODUCT_NAME = "$(TARGET_NAME:c99extidentifier)";
				SKIP_INSTALL = YES;
				SWIFT_VERSION = 4.0;
				TARGETED_DEVICE_FAMILY = "1,2";
				VERSIONING_SYSTEM = "apple-generic";
				VERSION_INFO_PREFIX = "";
			};
			name = Release;
		};
/* End XCBuildConfiguration section */

/* Begin XCConfigurationList section */
		6713B5BF1F8D00F900FE457C /* Build configuration list for PBXNativeTarget "LoggerAPI" */ = {
			isa = XCConfigurationList;
			buildConfigurations = (
				6713B5C01F8D00F900FE457C /* Debug */,
				6713B5C11F8D00F900FE457C /* Release */,
			);
			defaultConfigurationIsVisible = 0;
			defaultConfigurationName = Release;
		};
		6713B5DC1F8D014000FE457C /* Build configuration list for PBXNativeTarget "SwiftyRequest" */ = {
			isa = XCConfigurationList;
			buildConfigurations = (
				6713B5DD1F8D014000FE457C /* Debug */,
				6713B5DE1F8D014000FE457C /* Release */,
			);
			defaultConfigurationIsVisible = 0;
			defaultConfigurationName = Release;
		};
		6713B6011F8D016A00FE457C /* Build configuration list for PBXNativeTarget "CircuitBreaker" */ = {
			isa = XCConfigurationList;
			buildConfigurations = (
				6713B6021F8D016A00FE457C /* Debug */,
				6713B6031F8D016A00FE457C /* Release */,
			);
			defaultConfigurationIsVisible = 0;
			defaultConfigurationName = Release;
		};
		671676BC1F838AFE007DAA76 /* Build configuration list for PBXProject "iOS Sample Kitura Buddy" */ = {
			isa = XCConfigurationList;
			buildConfigurations = (
				671676E71F838AFE007DAA76 /* Debug */,
				671676E81F838AFE007DAA76 /* Release */,
			);
			defaultConfigurationIsVisible = 0;
			defaultConfigurationName = Release;
		};
		671676E91F838AFE007DAA76 /* Build configuration list for PBXNativeTarget "iOS Sample Kitura Buddy" */ = {
			isa = XCConfigurationList;
			buildConfigurations = (
				671676EA1F838AFE007DAA76 /* Debug */,
				671676EB1F838AFE007DAA76 /* Release */,
			);
			defaultConfigurationIsVisible = 0;
			defaultConfigurationName = Release;
		};
		671676EC1F838AFE007DAA76 /* Build configuration list for PBXNativeTarget "iOS Sample Kitura BuddyTests" */ = {
			isa = XCConfigurationList;
			buildConfigurations = (
				671676ED1F838AFE007DAA76 /* Debug */,
				671676EE1F838AFE007DAA76 /* Release */,
			);
			defaultConfigurationIsVisible = 0;
			defaultConfigurationName = Release;
		};
		671676EF1F838AFE007DAA76 /* Build configuration list for PBXNativeTarget "iOS Sample Kitura BuddyUITests" */ = {
			isa = XCConfigurationList;
			buildConfigurations = (
				671676F01F838AFE007DAA76 /* Debug */,
				671676F11F838AFE007DAA76 /* Release */,
			);
			defaultConfigurationIsVisible = 0;
			defaultConfigurationName = Release;
		};
		6740A0031F90FF8C00E79C9E /* Build configuration list for PBXNativeTarget "SafetyContracts" */ = {
			isa = XCConfigurationList;
			buildConfigurations = (
				6740A0041F90FF8C00E79C9E /* Debug */,
				6740A0051F90FF8C00E79C9E /* Release */,
			);
			defaultConfigurationIsVisible = 0;
			defaultConfigurationName = Release;
		};
		6740A3121F911B4700E79C9E /* Build configuration list for PBXNativeTarget "KituraBuddy" */ = {
			isa = XCConfigurationList;
			buildConfigurations = (
				6740A3131F911B4700E79C9E /* Debug */,
				6740A3141F911B4700E79C9E /* Release */,
			);
			defaultConfigurationIsVisible = 0;
			defaultConfigurationName = Release;
		};
/* End XCConfigurationList section */
	};
	rootObject = 671676B91F838AFE007DAA76 /* Project object */;
}
