PODS:
  - KituraKit (0.0.1):
    - KituraKit/CircuitBreaker (= 0.0.1)
    - KituraKit/KituraContracts (= 0.0.1)
    - KituraKit/SwiftyRequest (= 0.0.1)
  - KituraKit/CircuitBreaker (0.0.1):
    - KituraKit/CircuitBreaker/LoggerAPI (= 0.0.1)
  - KituraKit/CircuitBreaker/LoggerAPI (0.0.1)
  - KituraKit/KituraContracts (0.0.1):
    - KituraKit/KituraContracts/LoggerAPI (= 0.0.1)
  - KituraKit/KituraContracts/LoggerAPI (0.0.1)
  - KituraKit/SwiftyRequest (0.0.1):
    - KituraKit/SwiftyRequest/CircuitBreaker (= 0.0.1)
  - KituraKit/SwiftyRequest/CircuitBreaker (0.0.1):
    - KituraKit/SwiftyRequest/CircuitBreaker/LoggerAPI (= 0.0.1)
  - KituraKit/SwiftyRequest/CircuitBreaker/LoggerAPI (0.0.1)

DEPENDENCIES:
  - KituraKit (from `https://github.com/IBM-Swift/KituraKit.git`, branch `pod`)

EXTERNAL SOURCES:
  KituraKit:
    :branch: pod
    :git: https://github.com/IBM-Swift/KituraKit.git

CHECKOUT OPTIONS:
  KituraKit:
    :commit: 7eaebb86d51ebf3d53307bc88d2f767f19edcf91
    :git: https://github.com/IBM-Swift/KituraKit.git

SPEC CHECKSUMS:
  KituraKit: 6fac253244ad92e900766cabf74a36857fba5463

PODFILE CHECKSUM: 88faa130614b0f484e9e41c8acee57abd2fbfe04

COCOAPODS: 1.3.1
